
Microsoft Visual Studio Solution File, Format Version 12.00
# Visual Studio Version 16
VisualStudioVersion = 16.0.32413.511
MinimumVisualStudioVersion = 10.0.40219.1
Project("{FAE04EC0-301F-11D3-BF4B-00C04F79EFBC}") = "InovanceH3U", "InovanceH3U\InovanceH3U.csproj", "{919B0204-D239-440C-896E-A83B0C0C0D01}"
EndProject
Global
	GlobalSection(SolutionConfigurationPlatforms) = preSolution
		Debug|Any CPU = Debug|Any CPU
		Release|Any CPU = Release|Any CPU
	EndGlobalSection
	GlobalSection(ProjectConfigurationPlatforms) = postSolution
		{919B0204-D239-440C-896E-A83B0C0C0D01}.Debug|Any CPU.ActiveCfg = Debug|Any CPU
		{919B0204-D239-440C-896E-A83B0C0C0D01}.Debug|Any CPU.Build.0 = Debug|Any CPU
		{919B0204-D239-440C-896E-A83B0C0C0D01}.Release|Any CPU.ActiveCfg = Release|Any CPU
		{919B0204-D239-440C-896E-A83B0C0C0D01}.Release|Any CPU.Build.0 = Release|Any CPU
	EndGlobalSection
	GlobalSection(SolutionProperties) = preSolution
		HideSolutionNode = FALSE
	EndGlobalSection
	GlobalSection(ExtensibilityGlobals) = postSolution
		SolutionGuid = {46F6CCD2-C8F6-49B1-B584-4E3F44EC9885}
	EndGlobalSection
EndGlobal
